
Microsoft Visual Studio Solution File, Format Version 12.00
# Visual Studio Version 17
VisualStudioVersion = 17.8.34511.84
MinimumVisualStudioVersion = 10.0.40219.1
Project("{9A19103F-16F7-4668-BE54-9A1E7A4F7556}") = "TaskCloud.WebApp", "Frontend\TaskCloud.WebApp\TaskCloud.WebApp.csproj", "{5EEE8746-974F-4A6E-A607-80B296941225}"
EndProject
Project("{9A19103F-16F7-4668-BE54-9A1E7A4F7556}") = "TaskCloud.Authentication", "Backend\TaskCloud.Authentication\TaskCloud.Authentication.csproj", "{185ABE59-D700-40DA-9CA0-AD74756DF340}"
EndProject
Project("{2150E333-8FDC-42A3-9474-1A3956D46DE8}") = "Frontend", "Frontend", "{F1D45023-A6DE-4CC0-B7E8-28CCE5D446EE}"
EndProject
Project("{2150E333-8FDC-42A3-9474-1A3956D46DE8}") = "Backend", "Backend", "{E99D1150-E4AE-4072-8837-AD04CE7FD210}"
EndProject
Project("{2150E333-8FDC-42A3-9474-1A3956D46DE8}") = "Elementos de la solución", "Elementos de la solución", "{CF6037CE-DE66-4173-A7E8-6B57B782718C}"
	ProjectSection(SolutionItems) = preProject
		README.md = README.md
	EndProjectSection
EndProject
Project("{9A19103F-16F7-4668-BE54-9A1E7A4F7556}") = "TaskCloud.Users", "Backend\TaskCloud.Users\TaskCloud.Users.csproj", "{8761353C-5220-467D-8C19-1ABD76EC46E4}"
EndProject
Project("{9A19103F-16F7-4668-BE54-9A1E7A4F7556}") = "TaskCloud.Tasks", "Backend\TaskCloud.Tasks\TaskCloud.Tasks.csproj", "{FD461CE0-E184-4AB2-9169-FF9EA4BC3B9B}"
EndProject
Project("{9A19103F-16F7-4668-BE54-9A1E7A4F7556}") = "TaskCloud.Notifications", "Backend\TaskCloud.Notifications\TaskCloud.Notifications.csproj", "{74F08F8A-CDF1-40D2-B9F9-B3FBC1C344E6}"
EndProject
Project("{2150E333-8FDC-42A3-9474-1A3956D46DE8}") = "Authentication", "Authentication", "{208C843D-1CD3-462A-8F4F-39DAE0FEA09A}"
EndProject
Project("{2150E333-8FDC-42A3-9474-1A3956D46DE8}") = "Notifications", "Notifications", "{53DAB129-3370-47C8-ACD7-227536088556}"
EndProject
Project("{2150E333-8FDC-42A3-9474-1A3956D46DE8}") = "Tasks", "Tasks", "{7C488D3F-DBE7-4706-AF11-8B23C9319787}"
EndProject
Project("{2150E333-8FDC-42A3-9474-1A3956D46DE8}") = "Users", "Users", "{095B2B51-2144-4551-A91B-3C76E2D49C3A}"
EndProject
Project("{2150E333-8FDC-42A3-9474-1A3956D46DE8}") = "Services", "Services", "{DAAC3BCD-79F2-441A-A55C-A42DC2BF3CA7}"
EndProject
Project("{9A19103F-16F7-4668-BE54-9A1E7A4F7556}") = "TaskCloud.Tasks.Domain", "Backend\TaskCloud.Tasks.Domain\TaskCloud.Tasks.Domain.csproj", "{55B297F8-1E6D-4F13-97CC-8BC3E8B4026E}"
EndProject
Project("{9A19103F-16F7-4668-BE54-9A1E7A4F7556}") = "TaskCloud.Tasks.Infraestructure", "Backend\TaskCloud.Tasks.Infraestructure\TaskCloud.Tasks.Infraestructure.csproj", "{F4579D4C-8992-4301-B675-8B459CF5583C}"
EndProject
Project("{9A19103F-16F7-4668-BE54-9A1E7A4F7556}") = "TaskCloud.Tasks.Persistence", "Backend\TaskCloud.Tasks.Persistence\TaskCloud.Tasks.Persistence.csproj", "{4B63CC8B-E9ED-4CC3-B2D6-E07576C2E8FF}"
EndProject
Project("{9A19103F-16F7-4668-BE54-9A1E7A4F7556}") = "TaskCloud.Tasks.Service", "Backend\TaskCloud.Tasks.Service\TaskCloud.Tasks.Service.csproj", "{4DD866AD-B4FB-44D7-9D9E-CF7D24A17A40}"
EndProject
Project("{9A19103F-16F7-4668-BE54-9A1E7A4F7556}") = "TaskCloud.Users.Domain", "Backend\TaskCloud.Users.Domain\TaskCloud.Users.Domain.csproj", "{9C8393B1-3D4A-47E7-9BD1-233E86354D11}"
EndProject
Project("{9A19103F-16F7-4668-BE54-9A1E7A4F7556}") = "TaskCloud.Users.Infraestructure", "Backend\TaskCloud.Users.Infraestructure\TaskCloud.Users.Infraestructure.csproj", "{DCEE8B31-1FD9-416F-9CCC-8DC8614E36EB}"
EndProject
Project("{9A19103F-16F7-4668-BE54-9A1E7A4F7556}") = "TaskCloud.Users.Persistence", "Backend\TaskCloud.Users.Persistence\TaskCloud.Users.Persistence.csproj", "{52D5AD2E-7277-455B-926A-D2F56B29480B}"
EndProject
Project("{9A19103F-16F7-4668-BE54-9A1E7A4F7556}") = "TaskCloud.Users.Service", "Backend\TaskCloud.Users.Service\TaskCloud.Users.Service.csproj", "{C7CB347F-0E9C-4259-A66D-E49E2B479A33}"
EndProject
Project("{2150E333-8FDC-42A3-9474-1A3956D46DE8}") = "Orchestration", "Orchestration", "{B0617660-4E35-4D8C-AE18-42152BB743F6}"
EndProject
Project("{9A19103F-16F7-4668-BE54-9A1E7A4F7556}") = "TaskCloud.AppHost", "Orchestration\TaskCloud.AppHost\TaskCloud.AppHost.csproj", "{57C6E597-A674-4609-9493-FFBC77DAF8A2}"
EndProject
Project("{9A19103F-16F7-4668-BE54-9A1E7A4F7556}") = "TaskCloud.ServiceDefaults", "Orchestration\TaskCloud.ServiceDefaults\TaskCloud.ServiceDefaults.csproj", "{EBE06D60-BB41-47C2-81F2-F18F67DDA191}"
EndProject
Global
	GlobalSection(SolutionConfigurationPlatforms) = preSolution
		Debug|Any CPU = Debug|Any CPU
		Release|Any CPU = Release|Any CPU
	EndGlobalSection
	GlobalSection(ProjectConfigurationPlatforms) = postSolution
		{5EEE8746-974F-4A6E-A607-80B296941225}.Debug|Any CPU.ActiveCfg = Debug|Any CPU
		{5EEE8746-974F-4A6E-A607-80B296941225}.Debug|Any CPU.Build.0 = Debug|Any CPU
		{5EEE8746-974F-4A6E-A607-80B296941225}.Release|Any CPU.ActiveCfg = Release|Any CPU
		{5EEE8746-974F-4A6E-A607-80B296941225}.Release|Any CPU.Build.0 = Release|Any CPU
		{185ABE59-D700-40DA-9CA0-AD74756DF340}.Debug|Any CPU.ActiveCfg = Debug|Any CPU
		{185ABE59-D700-40DA-9CA0-AD74756DF340}.Debug|Any CPU.Build.0 = Debug|Any CPU
		{185ABE59-D700-40DA-9CA0-AD74756DF340}.Release|Any CPU.ActiveCfg = Release|Any CPU
		{185ABE59-D700-40DA-9CA0-AD74756DF340}.Release|Any CPU.Build.0 = Release|Any CPU
		{8761353C-5220-467D-8C19-1ABD76EC46E4}.Debug|Any CPU.ActiveCfg = Debug|Any CPU
		{8761353C-5220-467D-8C19-1ABD76EC46E4}.Debug|Any CPU.Build.0 = Debug|Any CPU
		{8761353C-5220-467D-8C19-1ABD76EC46E4}.Release|Any CPU.ActiveCfg = Release|Any CPU
		{8761353C-5220-467D-8C19-1ABD76EC46E4}.Release|Any CPU.Build.0 = Release|Any CPU
		{FD461CE0-E184-4AB2-9169-FF9EA4BC3B9B}.Debug|Any CPU.ActiveCfg = Debug|Any CPU
		{FD461CE0-E184-4AB2-9169-FF9EA4BC3B9B}.Debug|Any CPU.Build.0 = Debug|Any CPU
		{FD461CE0-E184-4AB2-9169-FF9EA4BC3B9B}.Release|Any CPU.ActiveCfg = Release|Any CPU
		{FD461CE0-E184-4AB2-9169-FF9EA4BC3B9B}.Release|Any CPU.Build.0 = Release|Any CPU
		{74F08F8A-CDF1-40D2-B9F9-B3FBC1C344E6}.Debug|Any CPU.ActiveCfg = Debug|Any CPU
		{74F08F8A-CDF1-40D2-B9F9-B3FBC1C344E6}.Debug|Any CPU.Build.0 = Debug|Any CPU
		{74F08F8A-CDF1-40D2-B9F9-B3FBC1C344E6}.Release|Any CPU.ActiveCfg = Release|Any CPU
		{74F08F8A-CDF1-40D2-B9F9-B3FBC1C344E6}.Release|Any CPU.Build.0 = Release|Any CPU
		{55B297F8-1E6D-4F13-97CC-8BC3E8B4026E}.Debug|Any CPU.ActiveCfg = Debug|Any CPU
		{55B297F8-1E6D-4F13-97CC-8BC3E8B4026E}.Debug|Any CPU.Build.0 = Debug|Any CPU
		{55B297F8-1E6D-4F13-97CC-8BC3E8B4026E}.Release|Any CPU.ActiveCfg = Release|Any CPU
		{55B297F8-1E6D-4F13-97CC-8BC3E8B4026E}.Release|Any CPU.Build.0 = Release|Any CPU
		{F4579D4C-8992-4301-B675-8B459CF5583C}.Debug|Any CPU.ActiveCfg = Debug|Any CPU
		{F4579D4C-8992-4301-B675-8B459CF5583C}.Debug|Any CPU.Build.0 = Debug|Any CPU
		{F4579D4C-8992-4301-B675-8B459CF5583C}.Release|Any CPU.ActiveCfg = Release|Any CPU
		{F4579D4C-8992-4301-B675-8B459CF5583C}.Release|Any CPU.Build.0 = Release|Any CPU
		{4B63CC8B-E9ED-4CC3-B2D6-E07576C2E8FF}.Debug|Any CPU.ActiveCfg = Debug|Any CPU
		{4B63CC8B-E9ED-4CC3-B2D6-E07576C2E8FF}.Debug|Any CPU.Build.0 = Debug|Any CPU
		{4B63CC8B-E9ED-4CC3-B2D6-E07576C2E8FF}.Release|Any CPU.ActiveCfg = Release|Any CPU
		{4B63CC8B-E9ED-4CC3-B2D6-E07576C2E8FF}.Release|Any CPU.Build.0 = Release|Any CPU
		{4DD866AD-B4FB-44D7-9D9E-CF7D24A17A40}.Debug|Any CPU.ActiveCfg = Debug|Any CPU
		{4DD866AD-B4FB-44D7-9D9E-CF7D24A17A40}.Debug|Any CPU.Build.0 = Debug|Any CPU
		{4DD866AD-B4FB-44D7-9D9E-CF7D24A17A40}.Release|Any CPU.ActiveCfg = Release|Any CPU
		{4DD866AD-B4FB-44D7-9D9E-CF7D24A17A40}.Release|Any CPU.Build.0 = Release|Any CPU
		{9C8393B1-3D4A-47E7-9BD1-233E86354D11}.Debug|Any CPU.ActiveCfg = Debug|Any CPU
		{9C8393B1-3D4A-47E7-9BD1-233E86354D11}.Debug|Any CPU.Build.0 = Debug|Any CPU
		{9C8393B1-3D4A-47E7-9BD1-233E86354D11}.Release|Any CPU.ActiveCfg = Release|Any CPU
		{9C8393B1-3D4A-47E7-9BD1-233E86354D11}.Release|Any CPU.Build.0 = Release|Any CPU
		{DCEE8B31-1FD9-416F-9CCC-8DC8614E36EB}.Debug|Any CPU.ActiveCfg = Debug|Any CPU
		{DCEE8B31-1FD9-416F-9CCC-8DC8614E36EB}.Debug|Any CPU.Build.0 = Debug|Any CPU
		{DCEE8B31-1FD9-416F-9CCC-8DC8614E36EB}.Release|Any CPU.ActiveCfg = Release|Any CPU
		{DCEE8B31-1FD9-416F-9CCC-8DC8614E36EB}.Release|Any CPU.Build.0 = Release|Any CPU
		{52D5AD2E-7277-455B-926A-D2F56B29480B}.Debug|Any CPU.ActiveCfg = Debug|Any CPU
		{52D5AD2E-7277-455B-926A-D2F56B29480B}.Debug|Any CPU.Build.0 = Debug|Any CPU
		{52D5AD2E-7277-455B-926A-D2F56B29480B}.Release|Any CPU.ActiveCfg = Release|Any CPU
		{52D5AD2E-7277-455B-926A-D2F56B29480B}.Release|Any CPU.Build.0 = Release|Any CPU
		{C7CB347F-0E9C-4259-A66D-E49E2B479A33}.Debug|Any CPU.ActiveCfg = Debug|Any CPU
		{C7CB347F-0E9C-4259-A66D-E49E2B479A33}.Debug|Any CPU.Build.0 = Debug|Any CPU
		{C7CB347F-0E9C-4259-A66D-E49E2B479A33}.Release|Any CPU.ActiveCfg = Release|Any CPU
		{C7CB347F-0E9C-4259-A66D-E49E2B479A33}.Release|Any CPU.Build.0 = Release|Any CPU
		{57C6E597-A674-4609-9493-FFBC77DAF8A2}.Debug|Any CPU.ActiveCfg = Debug|Any CPU
		{57C6E597-A674-4609-9493-FFBC77DAF8A2}.Debug|Any CPU.Build.0 = Debug|Any CPU
		{57C6E597-A674-4609-9493-FFBC77DAF8A2}.Release|Any CPU.ActiveCfg = Release|Any CPU
		{57C6E597-A674-4609-9493-FFBC77DAF8A2}.Release|Any CPU.Build.0 = Release|Any CPU
		{EBE06D60-BB41-47C2-81F2-F18F67DDA191}.Debug|Any CPU.ActiveCfg = Debug|Any CPU
		{EBE06D60-BB41-47C2-81F2-F18F67DDA191}.Debug|Any CPU.Build.0 = Debug|Any CPU
		{EBE06D60-BB41-47C2-81F2-F18F67DDA191}.Release|Any CPU.ActiveCfg = Release|Any CPU
		{EBE06D60-BB41-47C2-81F2-F18F67DDA191}.Release|Any CPU.Build.0 = Release|Any CPU
		{9DBD2B4D-11FA-4ECC-83B0-5C740DE8D1F0}.Debug|Any CPU.ActiveCfg = Debug|Any CPU
		{9DBD2B4D-11FA-4ECC-83B0-5C740DE8D1F0}.Debug|Any CPU.Build.0 = Debug|Any CPU
		{9DBD2B4D-11FA-4ECC-83B0-5C740DE8D1F0}.Release|Any CPU.ActiveCfg = Release|Any CPU
		{9DBD2B4D-11FA-4ECC-83B0-5C740DE8D1F0}.Release|Any CPU.Build.0 = Release|Any CPU
	EndGlobalSection
	GlobalSection(SolutionProperties) = preSolution
		HideSolutionNode = FALSE
	EndGlobalSection
	GlobalSection(NestedProjects) = preSolution
		{5EEE8746-974F-4A6E-A607-80B296941225} = {F1D45023-A6DE-4CC0-B7E8-28CCE5D446EE}
		{185ABE59-D700-40DA-9CA0-AD74756DF340} = {208C843D-1CD3-462A-8F4F-39DAE0FEA09A}
		{8761353C-5220-467D-8C19-1ABD76EC46E4} = {095B2B51-2144-4551-A91B-3C76E2D49C3A}
		{FD461CE0-E184-4AB2-9169-FF9EA4BC3B9B} = {7C488D3F-DBE7-4706-AF11-8B23C9319787}
		{74F08F8A-CDF1-40D2-B9F9-B3FBC1C344E6} = {53DAB129-3370-47C8-ACD7-227536088556}
		{208C843D-1CD3-462A-8F4F-39DAE0FEA09A} = {DAAC3BCD-79F2-441A-A55C-A42DC2BF3CA7}
		{53DAB129-3370-47C8-ACD7-227536088556} = {DAAC3BCD-79F2-441A-A55C-A42DC2BF3CA7}
		{7C488D3F-DBE7-4706-AF11-8B23C9319787} = {DAAC3BCD-79F2-441A-A55C-A42DC2BF3CA7}
		{095B2B51-2144-4551-A91B-3C76E2D49C3A} = {DAAC3BCD-79F2-441A-A55C-A42DC2BF3CA7}
		{DAAC3BCD-79F2-441A-A55C-A42DC2BF3CA7} = {E99D1150-E4AE-4072-8837-AD04CE7FD210}
		{55B297F8-1E6D-4F13-97CC-8BC3E8B4026E} = {7C488D3F-DBE7-4706-AF11-8B23C9319787}
		{F4579D4C-8992-4301-B675-8B459CF5583C} = {7C488D3F-DBE7-4706-AF11-8B23C9319787}
		{4B63CC8B-E9ED-4CC3-B2D6-E07576C2E8FF} = {7C488D3F-DBE7-4706-AF11-8B23C9319787}
		{4DD866AD-B4FB-44D7-9D9E-CF7D24A17A40} = {7C488D3F-DBE7-4706-AF11-8B23C9319787}
		{9C8393B1-3D4A-47E7-9BD1-233E86354D11} = {095B2B51-2144-4551-A91B-3C76E2D49C3A}
		{DCEE8B31-1FD9-416F-9CCC-8DC8614E36EB} = {095B2B51-2144-4551-A91B-3C76E2D49C3A}
		{52D5AD2E-7277-455B-926A-D2F56B29480B} = {095B2B51-2144-4551-A91B-3C76E2D49C3A}
		{C7CB347F-0E9C-4259-A66D-E49E2B479A33} = {095B2B51-2144-4551-A91B-3C76E2D49C3A}
		{57C6E597-A674-4609-9493-FFBC77DAF8A2} = {B0617660-4E35-4D8C-AE18-42152BB743F6}
		{EBE06D60-BB41-47C2-81F2-F18F67DDA191} = {B0617660-4E35-4D8C-AE18-42152BB743F6}
		{9DBD2B4D-11FA-4ECC-83B0-5C740DE8D1F0} = {F1D45023-A6DE-4CC0-B7E8-28CCE5D446EE}
	EndGlobalSection
	GlobalSection(ExtensibilityGlobals) = postSolution
		SolutionGuid = {B1B7584C-F8C9-49CA-A09B-9EF98D885C88}
	EndGlobalSection
EndGlobal
